// !$*UTF8*$!
{
	archiveVersion = 1;
	classes = {
	};
	objectVersion = 50;
	objects = {

/* Begin PBXBuildFile section */
		B6CFF105260292930093BA67 /* AppDelegate.swift in Sources */ = {isa = PBXBuildFile; fileRef = B6CFF104260292930093BA67 /* AppDelegate.swift */; };
		B6CFF107260292930093BA67 /* SceneDelegate.swift in Sources */ = {isa = PBXBuildFile; fileRef = B6CFF106260292930093BA67 /* SceneDelegate.swift */; };
		B6CFF109260292930093BA67 /* ContentView.swift in Sources */ = {isa = PBXBuildFile; fileRef = B6CFF108260292930093BA67 /* ContentView.swift */; };
		B6CFF10B260292960093BA67 /* Assets.xcassets in Resources */ = {isa = PBXBuildFile; fileRef = B6CFF10A260292960093BA67 /* Assets.xcassets */; };
		B6CFF10E260292960093BA67 /* Preview Assets.xcassets in Resources */ = {isa = PBXBuildFile; fileRef = B6CFF10D260292960093BA67 /* Preview Assets.xcassets */; };
		B6CFF111260292960093BA67 /* LaunchScreen.storyboard in Resources */ = {isa = PBXBuildFile; fileRef = B6CFF10F260292960093BA67 /* LaunchScreen.storyboard */; };
		B6CFF1202603E65E0093BA67 /* Stock.swift in Sources */ = {isa = PBXBuildFile; fileRef = B6CFF11F2603E65E0093BA67 /* Stock.swift */; };
		B6CFF13A260516EA0093BA67 /* Index.swift in Sources */ = {isa = PBXBuildFile; fileRef = B6CFF139260516EA0093BA67 /* Index.swift */; };
		B6CFF13D2605174B0093BA67 /* Symbol.swift in Sources */ = {isa = PBXBuildFile; fileRef = B6CFF13C2605174B0093BA67 /* Symbol.swift */; };
		B6CFF1422605186F0093BA67 /* StocksDataService.swift in Sources */ = {isa = PBXBuildFile; fileRef = B6CFF1412605186F0093BA67 /* StocksDataService.swift */; };
		B6CFF14626052EB20093BA67 /* DIContainer.swift in Sources */ = {isa = PBXBuildFile; fileRef = B6CFF14526052EB20093BA67 /* DIContainer.swift */; };
		B6CFF14D260533F60093BA67 /* MainScreenTabView.swift in Sources */ = {isa = PBXBuildFile; fileRef = B6CFF14C260533F60093BA67 /* MainScreenTabView.swift */; };
		B6CFF1512605352E0093BA67 /* IndexView.swift in Sources */ = {isa = PBXBuildFile; fileRef = B6CFF1502605352E0093BA67 /* IndexView.swift */; };
		B6CFF1562605FBC70093BA67 /* StockListView.swift in Sources */ = {isa = PBXBuildFile; fileRef = B6CFF1552605FBC70093BA67 /* StockListView.swift */; };
		B6CFF15A260604250093BA67 /* StockListRowView.swift in Sources */ = {isa = PBXBuildFile; fileRef = B6CFF159260604250093BA67 /* StockListRowView.swift */; };
		B6CFF16326068BD70093BA67 /* IexCloudFetcher.swift in Sources */ = {isa = PBXBuildFile; fileRef = B6CFF16226068BD70093BA67 /* IexCloudFetcher.swift */; };
		B6CFF1692607C3290093BA67 /* StubData.swift in Sources */ = {isa = PBXBuildFile; fileRef = B6CFF1682607C3290093BA67 /* StubData.swift */; };
		B6CFF172260893CB0093BA67 /* UIStyling.swift in Sources */ = {isa = PBXBuildFile; fileRef = B6CFF171260893CA0093BA67 /* UIStyling.swift */; };
		B6CFF187260896D50093BA67 /* Montserrat-LightItalic.ttf in Resources */ = {isa = PBXBuildFile; fileRef = B6CFF175260896D20093BA67 /* Montserrat-LightItalic.ttf */; };
		B6CFF188260896D50093BA67 /* Montserrat-ExtraBold.ttf in Resources */ = {isa = PBXBuildFile; fileRef = B6CFF176260896D20093BA67 /* Montserrat-ExtraBold.ttf */; };
		B6CFF189260896D50093BA67 /* Montserrat-Light.ttf in Resources */ = {isa = PBXBuildFile; fileRef = B6CFF177260896D20093BA67 /* Montserrat-Light.ttf */; };
		B6CFF18A260896D50093BA67 /* Montserrat-MediumItalic.ttf in Resources */ = {isa = PBXBuildFile; fileRef = B6CFF178260896D20093BA67 /* Montserrat-MediumItalic.ttf */; };
		B6CFF18B260896D50093BA67 /* Montserrat-ExtraLightItalic.ttf in Resources */ = {isa = PBXBuildFile; fileRef = B6CFF179260896D30093BA67 /* Montserrat-ExtraLightItalic.ttf */; };
		B6CFF18C260896D50093BA67 /* Montserrat-SemiBoldItalic.ttf in Resources */ = {isa = PBXBuildFile; fileRef = B6CFF17A260896D30093BA67 /* Montserrat-SemiBoldItalic.ttf */; };
		B6CFF18D260896D50093BA67 /* Montserrat-Medium.ttf in Resources */ = {isa = PBXBuildFile; fileRef = B6CFF17B260896D30093BA67 /* Montserrat-Medium.ttf */; };
		B6CFF18E260896D50093BA67 /* Montserrat-Black.ttf in Resources */ = {isa = PBXBuildFile; fileRef = B6CFF17C260896D30093BA67 /* Montserrat-Black.ttf */; };
		B6CFF18F260896D50093BA67 /* Montserrat-ExtraLight.ttf in Resources */ = {isa = PBXBuildFile; fileRef = B6CFF17D260896D30093BA67 /* Montserrat-ExtraLight.ttf */; };
		B6CFF190260896D50093BA67 /* Montserrat-Regular.ttf in Resources */ = {isa = PBXBuildFile; fileRef = B6CFF17E260896D30093BA67 /* Montserrat-Regular.ttf */; };
		B6CFF191260896D50093BA67 /* Montserrat-ExtraBoldItalic.ttf in Resources */ = {isa = PBXBuildFile; fileRef = B6CFF17F260896D30093BA67 /* Montserrat-ExtraBoldItalic.ttf */; };
		B6CFF192260896D50093BA67 /* Montserrat-Thin.ttf in Resources */ = {isa = PBXBuildFile; fileRef = B6CFF180260896D40093BA67 /* Montserrat-Thin.ttf */; };
		B6CFF193260896D50093BA67 /* Montserrat-SemiBold.ttf in Resources */ = {isa = PBXBuildFile; fileRef = B6CFF181260896D40093BA67 /* Montserrat-SemiBold.ttf */; };
		B6CFF194260896D50093BA67 /* Montserrat-ThinItalic.ttf in Resources */ = {isa = PBXBuildFile; fileRef = B6CFF182260896D40093BA67 /* Montserrat-ThinItalic.ttf */; };
		B6CFF195260896D50093BA67 /* Montserrat-BoldItalic.ttf in Resources */ = {isa = PBXBuildFile; fileRef = B6CFF183260896D40093BA67 /* Montserrat-BoldItalic.ttf */; };
		B6CFF196260896D50093BA67 /* Montserrat-Italic.ttf in Resources */ = {isa = PBXBuildFile; fileRef = B6CFF184260896D50093BA67 /* Montserrat-Italic.ttf */; };
		B6CFF197260896D50093BA67 /* Montserrat-BlackItalic.ttf in Resources */ = {isa = PBXBuildFile; fileRef = B6CFF185260896D50093BA67 /* Montserrat-BlackItalic.ttf */; };
		B6CFF198260896D50093BA67 /* Montserrat-Bold.ttf in Resources */ = {isa = PBXBuildFile; fileRef = B6CFF186260896D50093BA67 /* Montserrat-Bold.ttf */; };
		B6CFF19D26091E840093BA67 /* AppState.swift in Sources */ = {isa = PBXBuildFile; fileRef = B6CFF19C26091E840093BA67 /* AppState.swift */; };
		B6CFF1A02609F3D20093BA67 /* FavouritesView.swift in Sources */ = {isa = PBXBuildFile; fileRef = B6CFF19F2609F3D20093BA67 /* FavouritesView.swift */; };
		B6CFF1A3260A46850093BA67 /* SearchView.swift in Sources */ = {isa = PBXBuildFile; fileRef = B6CFF1A2260A46850093BA67 /* SearchView.swift */; };
		B6CFF1AA260A56830093BA67 /* SearchBarView.swift in Sources */ = {isa = PBXBuildFile; fileRef = B6CFF1A9260A56830093BA67 /* SearchBarView.swift */; };
		B6CFF1AD260B42DA0093BA67 /* FinnHubFetcher.swift in Sources */ = {isa = PBXBuildFile; fileRef = B6CFF1AC260B42DA0093BA67 /* FinnHubFetcher.swift */; };
		B6CFF1B1260B43970093BA67 /* FetcherError.swift in Sources */ = {isa = PBXBuildFile; fileRef = B6CFF1B0260B43970093BA67 /* FetcherError.swift */; };
		B6CFF1B4260B5CFD0093BA67 /* HardCodedData.swift in Sources */ = {isa = PBXBuildFile; fileRef = B6CFF1B3260B5CFD0093BA67 /* HardCodedData.swift */; };
		B6CFF1BB260BAEAC0093BA67 /* FinnhubSymbolLookupResponse.swift in Sources */ = {isa = PBXBuildFile; fileRef = B6CFF1BA260BAEAB0093BA67 /* FinnhubSymbolLookupResponse.swift */; };
/* End PBXBuildFile section */

/* Begin PBXFileReference section */
		B6CFF101260292930093BA67 /* QuickStocks.app */ = {isa = PBXFileReference; explicitFileType = wrapper.application; includeInIndex = 0; path = QuickStocks.app; sourceTree = BUILT_PRODUCTS_DIR; };
		B6CFF104260292930093BA67 /* AppDelegate.swift */ = {isa = PBXFileReference; lastKnownFileType = sourcecode.swift; path = AppDelegate.swift; sourceTree = "<group>"; };
		B6CFF106260292930093BA67 /* SceneDelegate.swift */ = {isa = PBXFileReference; lastKnownFileType = sourcecode.swift; path = SceneDelegate.swift; sourceTree = "<group>"; };
		B6CFF108260292930093BA67 /* ContentView.swift */ = {isa = PBXFileReference; lastKnownFileType = sourcecode.swift; path = ContentView.swift; sourceTree = "<group>"; };
		B6CFF10A260292960093BA67 /* Assets.xcassets */ = {isa = PBXFileReference; lastKnownFileType = folder.assetcatalog; path = Assets.xcassets; sourceTree = "<group>"; };
		B6CFF10D260292960093BA67 /* Preview Assets.xcassets */ = {isa = PBXFileReference; lastKnownFileType = folder.assetcatalog; path = "Preview Assets.xcassets"; sourceTree = "<group>"; };
		B6CFF110260292960093BA67 /* Base */ = {isa = PBXFileReference; lastKnownFileType = file.storyboard; name = Base; path = Base.lproj/LaunchScreen.storyboard; sourceTree = "<group>"; };
		B6CFF112260292960093BA67 /* Info.plist */ = {isa = PBXFileReference; lastKnownFileType = text.plist.xml; path = Info.plist; sourceTree = "<group>"; };
		B6CFF11F2603E65E0093BA67 /* Stock.swift */ = {isa = PBXFileReference; lastKnownFileType = sourcecode.swift; path = Stock.swift; sourceTree = "<group>"; };
		B6CFF139260516EA0093BA67 /* Index.swift */ = {isa = PBXFileReference; lastKnownFileType = sourcecode.swift; path = Index.swift; sourceTree = "<group>"; };
		B6CFF13C2605174B0093BA67 /* Symbol.swift */ = {isa = PBXFileReference; lastKnownFileType = sourcecode.swift; path = Symbol.swift; sourceTree = "<group>"; };
		B6CFF1412605186F0093BA67 /* StocksDataService.swift */ = {isa = PBXFileReference; lastKnownFileType = sourcecode.swift; path = StocksDataService.swift; sourceTree = "<group>"; };
		B6CFF14526052EB20093BA67 /* DIContainer.swift */ = {isa = PBXFileReference; lastKnownFileType = sourcecode.swift; path = DIContainer.swift; sourceTree = "<group>"; };
		B6CFF14C260533F60093BA67 /* MainScreenTabView.swift */ = {isa = PBXFileReference; lastKnownFileType = sourcecode.swift; path = MainScreenTabView.swift; sourceTree = "<group>"; };
		B6CFF1502605352E0093BA67 /* IndexView.swift */ = {isa = PBXFileReference; lastKnownFileType = sourcecode.swift; path = IndexView.swift; sourceTree = "<group>"; };
		B6CFF1552605FBC70093BA67 /* StockListView.swift */ = {isa = PBXFileReference; lastKnownFileType = sourcecode.swift; path = StockListView.swift; sourceTree = "<group>"; };
		B6CFF159260604250093BA67 /* StockListRowView.swift */ = {isa = PBXFileReference; lastKnownFileType = sourcecode.swift; path = StockListRowView.swift; sourceTree = "<group>"; };
		B6CFF16226068BD70093BA67 /* IexCloudFetcher.swift */ = {isa = PBXFileReference; lastKnownFileType = sourcecode.swift; path = IexCloudFetcher.swift; sourceTree = "<group>"; };
		B6CFF1682607C3290093BA67 /* StubData.swift */ = {isa = PBXFileReference; lastKnownFileType = sourcecode.swift; path = StubData.swift; sourceTree = "<group>"; };
		B6CFF171260893CA0093BA67 /* UIStyling.swift */ = {isa = PBXFileReference; lastKnownFileType = sourcecode.swift; path = UIStyling.swift; sourceTree = "<group>"; };
		B6CFF175260896D20093BA67 /* Montserrat-LightItalic.ttf */ = {isa = PBXFileReference; lastKnownFileType = file; path = "Montserrat-LightItalic.ttf"; sourceTree = "<group>"; };
		B6CFF176260896D20093BA67 /* Montserrat-ExtraBold.ttf */ = {isa = PBXFileReference; lastKnownFileType = file; path = "Montserrat-ExtraBold.ttf"; sourceTree = "<group>"; };
		B6CFF177260896D20093BA67 /* Montserrat-Light.ttf */ = {isa = PBXFileReference; lastKnownFileType = file; path = "Montserrat-Light.ttf"; sourceTree = "<group>"; };
		B6CFF178260896D20093BA67 /* Montserrat-MediumItalic.ttf */ = {isa = PBXFileReference; lastKnownFileType = file; path = "Montserrat-MediumItalic.ttf"; sourceTree = "<group>"; };
		B6CFF179260896D30093BA67 /* Montserrat-ExtraLightItalic.ttf */ = {isa = PBXFileReference; lastKnownFileType = file; path = "Montserrat-ExtraLightItalic.ttf"; sourceTree = "<group>"; };
		B6CFF17A260896D30093BA67 /* Montserrat-SemiBoldItalic.ttf */ = {isa = PBXFileReference; lastKnownFileType = file; path = "Montserrat-SemiBoldItalic.ttf"; sourceTree = "<group>"; };
		B6CFF17B260896D30093BA67 /* Montserrat-Medium.ttf */ = {isa = PBXFileReference; lastKnownFileType = file; path = "Montserrat-Medium.ttf"; sourceTree = "<group>"; };
		B6CFF17C260896D30093BA67 /* Montserrat-Black.ttf */ = {isa = PBXFileReference; lastKnownFileType = file; path = "Montserrat-Black.ttf"; sourceTree = "<group>"; };
		B6CFF17D260896D30093BA67 /* Montserrat-ExtraLight.ttf */ = {isa = PBXFileReference; lastKnownFileType = file; path = "Montserrat-ExtraLight.ttf"; sourceTree = "<group>"; };
		B6CFF17E260896D30093BA67 /* Montserrat-Regular.ttf */ = {isa = PBXFileReference; lastKnownFileType = file; path = "Montserrat-Regular.ttf"; sourceTree = "<group>"; };
		B6CFF17F260896D30093BA67 /* Montserrat-ExtraBoldItalic.ttf */ = {isa = PBXFileReference; lastKnownFileType = file; path = "Montserrat-ExtraBoldItalic.ttf"; sourceTree = "<group>"; };
		B6CFF180260896D40093BA67 /* Montserrat-Thin.ttf */ = {isa = PBXFileReference; lastKnownFileType = file; path = "Montserrat-Thin.ttf"; sourceTree = "<group>"; };
		B6CFF181260896D40093BA67 /* Montserrat-SemiBold.ttf */ = {isa = PBXFileReference; lastKnownFileType = file; path = "Montserrat-SemiBold.ttf"; sourceTree = "<group>"; };
		B6CFF182260896D40093BA67 /* Montserrat-ThinItalic.ttf */ = {isa = PBXFileReference; lastKnownFileType = file; path = "Montserrat-ThinItalic.ttf"; sourceTree = "<group>"; };
		B6CFF183260896D40093BA67 /* Montserrat-BoldItalic.ttf */ = {isa = PBXFileReference; lastKnownFileType = file; path = "Montserrat-BoldItalic.ttf"; sourceTree = "<group>"; };
		B6CFF184260896D50093BA67 /* Montserrat-Italic.ttf */ = {isa = PBXFileReference; lastKnownFileType = file; path = "Montserrat-Italic.ttf"; sourceTree = "<group>"; };
		B6CFF185260896D50093BA67 /* Montserrat-BlackItalic.ttf */ = {isa = PBXFileReference; lastKnownFileType = file; path = "Montserrat-BlackItalic.ttf"; sourceTree = "<group>"; };
		B6CFF186260896D50093BA67 /* Montserrat-Bold.ttf */ = {isa = PBXFileReference; lastKnownFileType = file; path = "Montserrat-Bold.ttf"; sourceTree = "<group>"; };
		B6CFF19C26091E840093BA67 /* AppState.swift */ = {isa = PBXFileReference; lastKnownFileType = sourcecode.swift; path = AppState.swift; sourceTree = "<group>"; };
		B6CFF19F2609F3D20093BA67 /* FavouritesView.swift */ = {isa = PBXFileReference; lastKnownFileType = sourcecode.swift; path = FavouritesView.swift; sourceTree = "<group>"; };
		B6CFF1A2260A46850093BA67 /* SearchView.swift */ = {isa = PBXFileReference; lastKnownFileType = sourcecode.swift; path = SearchView.swift; sourceTree = "<group>"; };
		B6CFF1A9260A56830093BA67 /* SearchBarView.swift */ = {isa = PBXFileReference; lastKnownFileType = sourcecode.swift; path = SearchBarView.swift; sourceTree = "<group>"; };
		B6CFF1AC260B42DA0093BA67 /* FinnHubFetcher.swift */ = {isa = PBXFileReference; lastKnownFileType = sourcecode.swift; path = FinnHubFetcher.swift; sourceTree = "<group>"; };
		B6CFF1B0260B43970093BA67 /* FetcherError.swift */ = {isa = PBXFileReference; lastKnownFileType = sourcecode.swift; path = FetcherError.swift; sourceTree = "<group>"; };
		B6CFF1B3260B5CFD0093BA67 /* HardCodedData.swift */ = {isa = PBXFileReference; lastKnownFileType = sourcecode.swift; path = HardCodedData.swift; sourceTree = "<group>"; };
		B6CFF1BA260BAEAB0093BA67 /* FinnhubSymbolLookupResponse.swift */ = {isa = PBXFileReference; lastKnownFileType = sourcecode.swift; path = FinnhubSymbolLookupResponse.swift; sourceTree = "<group>"; };
/* End PBXFileReference section */

/* Begin PBXFrameworksBuildPhase section */
		B6CFF0FE260292930093BA67 /* Frameworks */ = {
			isa = PBXFrameworksBuildPhase;
			buildActionMask = 2147483647;
			files = (
			);
			runOnlyForDeploymentPostprocessing = 0;
		};
/* End PBXFrameworksBuildPhase section */

/* Begin PBXGroup section */
		B6CFF0F8260292930093BA67 = {
			isa = PBXGroup;
			children = (
				B6CFF103260292930093BA67 /* QuickStocks */,
				B6CFF102260292930093BA67 /* Products */,
			);
			sourceTree = "<group>";
		};
		B6CFF102260292930093BA67 /* Products */ = {
			isa = PBXGroup;
			children = (
				B6CFF101260292930093BA67 /* QuickStocks.app */,
			);
			name = Products;
			sourceTree = "<group>";
		};
		B6CFF103260292930093BA67 /* QuickStocks */ = {
			isa = PBXGroup;
			children = (
				B6CFF14426052E970093BA67 /* Dependency Injection */,
				B6CFF1402605185A0093BA67 /* Services */,
				B6CFF11E2603E5DC0093BA67 /* Models */,
				B6CFF14A260533800093BA67 /* UI */,
				B6CFF11B260293160093BA67 /* System */,
				B6CFF11A260292DF0093BA67 /* Resources */,
				B6CFF112260292960093BA67 /* Info.plist */,
			);
			path = QuickStocks;
			sourceTree = "<group>";
		};
		B6CFF10C260292960093BA67 /* Preview Content */ = {
			isa = PBXGroup;
			children = (
				B6CFF10D260292960093BA67 /* Preview Assets.xcassets */,
			);
			path = "Preview Content";
			sourceTree = "<group>";
		};
		B6CFF11A260292DF0093BA67 /* Resources */ = {
			isa = PBXGroup;
			children = (
				B6CFF1B7260B67990093BA67 /* Data */,
				B6CFF1742608965E0093BA67 /* Fonts */,
				B6CFF10C260292960093BA67 /* Preview Content */,
				B6CFF10A260292960093BA67 /* Assets.xcassets */,
				B6CFF10F260292960093BA67 /* LaunchScreen.storyboard */,
			);
			path = Resources;
			sourceTree = "<group>";
		};
		B6CFF11B260293160093BA67 /* System */ = {
			isa = PBXGroup;
			children = (
				B6CFF104260292930093BA67 /* AppDelegate.swift */,
				B6CFF106260292930093BA67 /* SceneDelegate.swift */,
			);
			path = System;
			sourceTree = "<group>";
		};
		B6CFF11E2603E5DC0093BA67 /* Models */ = {
			isa = PBXGroup;
			children = (
				B6CFF13C2605174B0093BA67 /* Symbol.swift */,
				B6CFF11F2603E65E0093BA67 /* Stock.swift */,
				B6CFF139260516EA0093BA67 /* Index.swift */,
			);
			path = Models;
			sourceTree = "<group>";
		};
		B6CFF1402605185A0093BA67 /* Services */ = {
			isa = PBXGroup;
			children = (
				B6CFF15E260686940093BA67 /* APIs */,
				B6CFF1412605186F0093BA67 /* StocksDataService.swift */,
			);
			path = Services;
			sourceTree = "<group>";
		};
		B6CFF14426052E970093BA67 /* Dependency Injection */ = {
			isa = PBXGroup;
			children = (
				B6CFF14526052EB20093BA67 /* DIContainer.swift */,
				B6CFF19C26091E840093BA67 /* AppState.swift */,
			);
			path = "Dependency Injection";
			sourceTree = "<group>";
		};
		B6CFF14A260533800093BA67 /* UI */ = {
			isa = PBXGroup;
			children = (
				B6CFF108260292930093BA67 /* ContentView.swift */,
				B6CFF14B260533DB0093BA67 /* Screens */,
				B6CFF1542605FBA20093BA67 /* Components */,
				B6CFF16B2607D37F0093BA67 /* Helpers */,
			);
			path = UI;
			sourceTree = "<group>";
		};
		B6CFF14B260533DB0093BA67 /* Screens */ = {
			isa = PBXGroup;
			children = (
				B6CFF14C260533F60093BA67 /* MainScreenTabView.swift */,
				B6CFF1502605352E0093BA67 /* IndexView.swift */,
				B6CFF19F2609F3D20093BA67 /* FavouritesView.swift */,
				B6CFF1A2260A46850093BA67 /* SearchView.swift */,
			);
			path = Screens;
			sourceTree = "<group>";
		};
		B6CFF1542605FBA20093BA67 /* Components */ = {
			isa = PBXGroup;
			children = (
				B6CFF1552605FBC70093BA67 /* StockListView.swift */,
				B6CFF159260604250093BA67 /* StockListRowView.swift */,
				B6CFF1A9260A56830093BA67 /* SearchBarView.swift */,
			);
			path = Components;
			sourceTree = "<group>";
		};
		B6CFF15E260686940093BA67 /* APIs */ = {
			isa = PBXGroup;
			children = (
				B6CFF1B9260BAE860093BA67 /* Responses */,
				B6CFF16226068BD70093BA67 /* IexCloudFetcher.swift */,
				B6CFF1AC260B42DA0093BA67 /* FinnHubFetcher.swift */,
				B6CFF1B0260B43970093BA67 /* FetcherError.swift */,
			);
			path = APIs;
			sourceTree = "<group>";
		};
		B6CFF16B2607D37F0093BA67 /* Helpers */ = {
			isa = PBXGroup;
			children = (
				B6CFF171260893CA0093BA67 /* UIStyling.swift */,
			);
			path = Helpers;
			sourceTree = "<group>";
		};
		B6CFF1742608965E0093BA67 /* Fonts */ = {
			isa = PBXGroup;
			children = (
				B6CFF17C260896D30093BA67 /* Montserrat-Black.ttf */,
				B6CFF185260896D50093BA67 /* Montserrat-BlackItalic.ttf */,
				B6CFF186260896D50093BA67 /* Montserrat-Bold.ttf */,
				B6CFF183260896D40093BA67 /* Montserrat-BoldItalic.ttf */,
				B6CFF176260896D20093BA67 /* Montserrat-ExtraBold.ttf */,
				B6CFF17F260896D30093BA67 /* Montserrat-ExtraBoldItalic.ttf */,
				B6CFF17D260896D30093BA67 /* Montserrat-ExtraLight.ttf */,
				B6CFF179260896D30093BA67 /* Montserrat-ExtraLightItalic.ttf */,
				B6CFF184260896D50093BA67 /* Montserrat-Italic.ttf */,
				B6CFF177260896D20093BA67 /* Montserrat-Light.ttf */,
				B6CFF175260896D20093BA67 /* Montserrat-LightItalic.ttf */,
				B6CFF17B260896D30093BA67 /* Montserrat-Medium.ttf */,
				B6CFF178260896D20093BA67 /* Montserrat-MediumItalic.ttf */,
				B6CFF17E260896D30093BA67 /* Montserrat-Regular.ttf */,
				B6CFF181260896D40093BA67 /* Montserrat-SemiBold.ttf */,
				B6CFF17A260896D30093BA67 /* Montserrat-SemiBoldItalic.ttf */,
				B6CFF180260896D40093BA67 /* Montserrat-Thin.ttf */,
				B6CFF182260896D40093BA67 /* Montserrat-ThinItalic.ttf */,
			);
			path = Fonts;
			sourceTree = "<group>";
		};
		B6CFF1B7260B67990093BA67 /* Data */ = {
			isa = PBXGroup;
			children = (
				B6CFF1682607C3290093BA67 /* StubData.swift */,
				B6CFF1B3260B5CFD0093BA67 /* HardCodedData.swift */,
			);
			path = Data;
			sourceTree = "<group>";
		};
		B6CFF1B9260BAE860093BA67 /* Responses */ = {
			isa = PBXGroup;
			children = (
				B6CFF1BA260BAEAB0093BA67 /* FinnhubSymbolLookupResponse.swift */,
			);
			path = Responses;
			sourceTree = "<group>";
		};
/* End PBXGroup section */

/* Begin PBXNativeTarget section */
		B6CFF100260292930093BA67 /* QuickStocks */ = {
			isa = PBXNativeTarget;
			buildConfigurationList = B6CFF115260292960093BA67 /* Build configuration list for PBXNativeTarget "QuickStocks" */;
			buildPhases = (
				B6CFF0FD260292930093BA67 /* Sources */,
				B6CFF0FE260292930093BA67 /* Frameworks */,
				B6CFF0FF260292930093BA67 /* Resources */,
			);
			buildRules = (
			);
			dependencies = (
			);
			name = QuickStocks;
			productName = QuickStocks;
			productReference = B6CFF101260292930093BA67 /* QuickStocks.app */;
			productType = "com.apple.product-type.application";
		};
/* End PBXNativeTarget section */

/* Begin PBXProject section */
		B6CFF0F9260292930093BA67 /* Project object */ = {
			isa = PBXProject;
			attributes = {
				LastSwiftUpdateCheck = 1240;
				LastUpgradeCheck = 1240;
				TargetAttributes = {
					B6CFF100260292930093BA67 = {
						CreatedOnToolsVersion = 12.4;
					};
				};
			};
			buildConfigurationList = B6CFF0FC260292930093BA67 /* Build configuration list for PBXProject "QuickStocks" */;
			compatibilityVersion = "Xcode 9.3";
			developmentRegion = en;
			hasScannedForEncodings = 0;
			knownRegions = (
				en,
				Base,
			);
			mainGroup = B6CFF0F8260292930093BA67;
			productRefGroup = B6CFF102260292930093BA67 /* Products */;
			projectDirPath = "";
			projectRoot = "";
			targets = (
				B6CFF100260292930093BA67 /* QuickStocks */,
			);
		};
/* End PBXProject section */

/* Begin PBXResourcesBuildPhase section */
		B6CFF0FF260292930093BA67 /* Resources */ = {
			isa = PBXResourcesBuildPhase;
			buildActionMask = 2147483647;
			files = (
				B6CFF195260896D50093BA67 /* Montserrat-BoldItalic.ttf in Resources */,
				B6CFF18C260896D50093BA67 /* Montserrat-SemiBoldItalic.ttf in Resources */,
				B6CFF18F260896D50093BA67 /* Montserrat-ExtraLight.ttf in Resources */,
				B6CFF189260896D50093BA67 /* Montserrat-Light.ttf in Resources */,
				B6CFF18B260896D50093BA67 /* Montserrat-ExtraLightItalic.ttf in Resources */,
				B6CFF188260896D50093BA67 /* Montserrat-ExtraBold.ttf in Resources */,
				B6CFF196260896D50093BA67 /* Montserrat-Italic.ttf in Resources */,
				B6CFF18A260896D50093BA67 /* Montserrat-MediumItalic.ttf in Resources */,
				B6CFF190260896D50093BA67 /* Montserrat-Regular.ttf in Resources */,
				B6CFF187260896D50093BA67 /* Montserrat-LightItalic.ttf in Resources */,
				B6CFF18D260896D50093BA67 /* Montserrat-Medium.ttf in Resources */,
				B6CFF194260896D50093BA67 /* Montserrat-ThinItalic.ttf in Resources */,
				B6CFF18E260896D50093BA67 /* Montserrat-Black.ttf in Resources */,
				B6CFF197260896D50093BA67 /* Montserrat-BlackItalic.ttf in Resources */,
				B6CFF192260896D50093BA67 /* Montserrat-Thin.ttf in Resources */,
				B6CFF111260292960093BA67 /* LaunchScreen.storyboard in Resources */,
				B6CFF191260896D50093BA67 /* Montserrat-ExtraBoldItalic.ttf in Resources */,
				B6CFF10E260292960093BA67 /* Preview Assets.xcassets in Resources */,
				B6CFF193260896D50093BA67 /* Montserrat-SemiBold.ttf in Resources */,
				B6CFF10B260292960093BA67 /* Assets.xcassets in Resources */,
				B6CFF198260896D50093BA67 /* Montserrat-Bold.ttf in Resources */,
			);
			runOnlyForDeploymentPostprocessing = 0;
		};
/* End PBXResourcesBuildPhase section */

/* Begin PBXSourcesBuildPhase section */
		B6CFF0FD260292930093BA67 /* Sources */ = {
			isa = PBXSourcesBuildPhase;
			buildActionMask = 2147483647;
			files = (
				B6CFF15A260604250093BA67 /* StockListRowView.swift in Sources */,
				B6CFF105260292930093BA67 /* AppDelegate.swift in Sources */,
				B6CFF1A02609F3D20093BA67 /* FavouritesView.swift in Sources */,
				B6CFF107260292930093BA67 /* SceneDelegate.swift in Sources */,
				B6CFF1B4260B5CFD0093BA67 /* HardCodedData.swift in Sources */,
				B6CFF1692607C3290093BA67 /* StubData.swift in Sources */,
				B6CFF172260893CB0093BA67 /* UIStyling.swift in Sources */,
				B6CFF1B1260B43970093BA67 /* FetcherError.swift in Sources */,
				B6CFF1562605FBC70093BA67 /* StockListView.swift in Sources */,
				B6CFF1422605186F0093BA67 /* StocksDataService.swift in Sources */,
				B6CFF13A260516EA0093BA67 /* Index.swift in Sources */,
				B6CFF16326068BD70093BA67 /* IexCloudFetcher.swift in Sources */,
				B6CFF1A3260A46850093BA67 /* SearchView.swift in Sources */,
				B6CFF14626052EB20093BA67 /* DIContainer.swift in Sources */,
				B6CFF1AA260A56830093BA67 /* SearchBarView.swift in Sources */,
				B6CFF1202603E65E0093BA67 /* Stock.swift in Sources */,
				B6CFF1BB260BAEAC0093BA67 /* FinnhubSymbolLookupResponse.swift in Sources */,
				B6CFF19D26091E840093BA67 /* AppState.swift in Sources */,
				B6CFF13D2605174B0093BA67 /* Symbol.swift in Sources */,
				B6CFF109260292930093BA67 /* ContentView.swift in Sources */,
				B6CFF14D260533F60093BA67 /* MainScreenTabView.swift in Sources */,
				B6CFF1AD260B42DA0093BA67 /* FinnHubFetcher.swift in Sources */,
				B6CFF1512605352E0093BA67 /* IndexView.swift in Sources */,
			);
			runOnlyForDeploymentPostprocessing = 0;
		};
/* End PBXSourcesBuildPhase section */

/* Begin PBXVariantGroup section */
		B6CFF10F260292960093BA67 /* LaunchScreen.storyboard */ = {
			isa = PBXVariantGroup;
			children = (
				B6CFF110260292960093BA67 /* Base */,
			);
			name = LaunchScreen.storyboard;
			sourceTree = "<group>";
		};
/* End PBXVariantGroup section */

/* Begin XCBuildConfiguration section */
		B6CFF113260292960093BA67 /* Debug */ = {
			isa = XCBuildConfiguration;
			buildSettings = {
				ALWAYS_SEARCH_USER_PATHS = NO;
				CLANG_ANALYZER_NONNULL = YES;
				CLANG_ANALYZER_NUMBER_OBJECT_CONVERSION = YES_AGGRESSIVE;
				CLANG_CXX_LANGUAGE_STANDARD = "gnu++14";
				CLANG_CXX_LIBRARY = "libc++";
				CLANG_ENABLE_MODULES = YES;
				CLANG_ENABLE_OBJC_ARC = YES;
				CLANG_ENABLE_OBJC_WEAK = YES;
				CLANG_WARN_BLOCK_CAPTURE_AUTORELEASING = YES;
				CLANG_WARN_BOOL_CONVERSION = YES;
				CLANG_WARN_COMMA = YES;
				CLANG_WARN_CONSTANT_CONVERSION = YES;
				CLANG_WARN_DEPRECATED_OBJC_IMPLEMENTATIONS = YES;
				CLANG_WARN_DIRECT_OBJC_ISA_USAGE = YES_ERROR;
				CLANG_WARN_DOCUMENTATION_COMMENTS = YES;
				CLANG_WARN_EMPTY_BODY = YES;
				CLANG_WARN_ENUM_CONVERSION = YES;
				CLANG_WARN_INFINITE_RECURSION = YES;
				CLANG_WARN_INT_CONVERSION = YES;
				CLANG_WARN_NON_LITERAL_NULL_CONVERSION = YES;
				CLANG_WARN_OBJC_IMPLICIT_RETAIN_SELF = YES;
				CLANG_WARN_OBJC_LITERAL_CONVERSION = YES;
				CLANG_WARN_OBJC_ROOT_CLASS = YES_ERROR;
				CLANG_WARN_QUOTED_INCLUDE_IN_FRAMEWORK_HEADER = YES;
				CLANG_WARN_RANGE_LOOP_ANALYSIS = YES;
				CLANG_WARN_STRICT_PROTOTYPES = YES;
				CLANG_WARN_SUSPICIOUS_MOVE = YES;
				CLANG_WARN_UNGUARDED_AVAILABILITY = YES_AGGRESSIVE;
				CLANG_WARN_UNREACHABLE_CODE = YES;
				CLANG_WARN__DUPLICATE_METHOD_MATCH = YES;
				COPY_PHASE_STRIP = NO;
				DEBUG_INFORMATION_FORMAT = dwarf;
				ENABLE_STRICT_OBJC_MSGSEND = YES;
				ENABLE_TESTABILITY = YES;
				GCC_C_LANGUAGE_STANDARD = gnu11;
				GCC_DYNAMIC_NO_PIC = NO;
				GCC_NO_COMMON_BLOCKS = YES;
				GCC_OPTIMIZATION_LEVEL = 0;
				GCC_PREPROCESSOR_DEFINITIONS = (
					"DEBUG=1",
					"$(inherited)",
				);
				GCC_WARN_64_TO_32_BIT_CONVERSION = YES;
				GCC_WARN_ABOUT_RETURN_TYPE = YES_ERROR;
				GCC_WARN_UNDECLARED_SELECTOR = YES;
				GCC_WARN_UNINITIALIZED_AUTOS = YES_AGGRESSIVE;
				GCC_WARN_UNUSED_FUNCTION = YES;
				GCC_WARN_UNUSED_VARIABLE = YES;
				IPHONEOS_DEPLOYMENT_TARGET = 14.1;
				MTL_ENABLE_DEBUG_INFO = INCLUDE_SOURCE;
				MTL_FAST_MATH = YES;
				ONLY_ACTIVE_ARCH = YES;
				SDKROOT = iphoneos;
				SWIFT_ACTIVE_COMPILATION_CONDITIONS = DEBUG;
				SWIFT_OPTIMIZATION_LEVEL = "-Onone";
			};
			name = Debug;
		};
		B6CFF114260292960093BA67 /* Release */ = {
			isa = XCBuildConfiguration;
			buildSettings = {
				ALWAYS_SEARCH_USER_PATHS = NO;
				CLANG_ANALYZER_NONNULL = YES;
				CLANG_ANALYZER_NUMBER_OBJECT_CONVERSION = YES_AGGRESSIVE;
				CLANG_CXX_LANGUAGE_STANDARD = "gnu++14";
				CLANG_CXX_LIBRARY = "libc++";
				CLANG_ENABLE_MODULES = YES;
				CLANG_ENABLE_OBJC_ARC = YES;
				CLANG_ENABLE_OBJC_WEAK = YES;
				CLANG_WARN_BLOCK_CAPTURE_AUTORELEASING = YES;
				CLANG_WARN_BOOL_CONVERSION = YES;
				CLANG_WARN_COMMA = YES;
				CLANG_WARN_CONSTANT_CONVERSION = YES;
				CLANG_WARN_DEPRECATED_OBJC_IMPLEMENTATIONS = YES;
				CLANG_WARN_DIRECT_OBJC_ISA_USAGE = YES_ERROR;
				CLANG_WARN_DOCUMENTATION_COMMENTS = YES;
				CLANG_WARN_EMPTY_BODY = YES;
				CLANG_WARN_ENUM_CONVERSION = YES;
				CLANG_WARN_INFINITE_RECURSION = YES;
				CLANG_WARN_INT_CONVERSION = YES;
				CLANG_WARN_NON_LITERAL_NULL_CONVERSION = YES;
				CLANG_WARN_OBJC_IMPLICIT_RETAIN_SELF = YES;
				CLANG_WARN_OBJC_LITERAL_CONVERSION = YES;
				CLANG_WARN_OBJC_ROOT_CLASS = YES_ERROR;
				CLANG_WARN_QUOTED_INCLUDE_IN_FRAMEWORK_HEADER = YES;
				CLANG_WARN_RANGE_LOOP_ANALYSIS = YES;
				CLANG_WARN_STRICT_PROTOTYPES = YES;
				CLANG_WARN_SUSPICIOUS_MOVE = YES;
				CLANG_WARN_UNGUARDED_AVAILABILITY = YES_AGGRESSIVE;
				CLANG_WARN_UNREACHABLE_CODE = YES;
				CLANG_WARN__DUPLICATE_METHOD_MATCH = YES;
				COPY_PHASE_STRIP = NO;
				DEBUG_INFORMATION_FORMAT = "dwarf-with-dsym";
				ENABLE_NS_ASSERTIONS = NO;
				ENABLE_STRICT_OBJC_MSGSEND = YES;
				GCC_C_LANGUAGE_STANDARD = gnu11;
				GCC_NO_COMMON_BLOCKS = YES;
				GCC_WARN_64_TO_32_BIT_CONVERSION = YES;
				GCC_WARN_ABOUT_RETURN_TYPE = YES_ERROR;
				GCC_WARN_UNDECLARED_SELECTOR = YES;
				GCC_WARN_UNINITIALIZED_AUTOS = YES_AGGRESSIVE;
				GCC_WARN_UNUSED_FUNCTION = YES;
				GCC_WARN_UNUSED_VARIABLE = YES;
				IPHONEOS_DEPLOYMENT_TARGET = 14.1;
				MTL_ENABLE_DEBUG_INFO = NO;
				MTL_FAST_MATH = YES;
				SDKROOT = iphoneos;
				SWIFT_COMPILATION_MODE = wholemodule;
				SWIFT_OPTIMIZATION_LEVEL = "-O";
				VALIDATE_PRODUCT = YES;
			};
			name = Release;
		};
		B6CFF116260292960093BA67 /* Debug */ = {
			isa = XCBuildConfiguration;
			buildSettings = {
				ASSETCATALOG_COMPILER_APPICON_NAME = AppIcon;
				ASSETCATALOG_COMPILER_GLOBAL_ACCENT_COLOR_NAME = AccentColor;
				CODE_SIGN_STYLE = Automatic;
				DEVELOPMENT_ASSET_PATHS = "\"QuickStocks/Resources/Preview Content\"";
				DEVELOPMENT_TEAM = XRB83W877Z;
				ENABLE_PREVIEWS = YES;
				INFOPLIST_FILE = QuickStocks/Info.plist;
				LD_RUNPATH_SEARCH_PATHS = (
					"$(inherited)",
					"@executable_path/Frameworks",
				);
				PRODUCT_BUNDLE_IDENTIFIER = myra5hik.QuickStocks;
				PRODUCT_NAME = "$(TARGET_NAME)";
				SWIFT_VERSION = 5.0;
				TARGETED_DEVICE_FAMILY = 1;
			};
			name = Debug;
		};
		B6CFF117260292960093BA67 /* Release */ = {
			isa = XCBuildConfiguration;
			buildSettings = {
				ASSETCATALOG_COMPILER_APPICON_NAME = AppIcon;
				ASSETCATALOG_COMPILER_GLOBAL_ACCENT_COLOR_NAME = AccentColor;
				CODE_SIGN_STYLE = Automatic;
				DEVELOPMENT_ASSET_PATHS = "\"QuickStocks/Resources/Preview Content\"";
				DEVELOPMENT_TEAM = XRB83W877Z;
				ENABLE_PREVIEWS = YES;
				INFOPLIST_FILE = QuickStocks/Info.plist;
				LD_RUNPATH_SEARCH_PATHS = (
					"$(inherited)",
					"@executable_path/Frameworks",
				);
				PRODUCT_BUNDLE_IDENTIFIER = myra5hik.QuickStocks;
				PRODUCT_NAME = "$(TARGET_NAME)";
				SWIFT_VERSION = 5.0;
				TARGETED_DEVICE_FAMILY = 1;
			};
			name = Release;
		};
/* End XCBuildConfiguration section */

/* Begin XCConfigurationList section */
		B6CFF0FC260292930093BA67 /* Build configuration list for PBXProject "QuickStocks" */ = {
			isa = XCConfigurationList;
			buildConfigurations = (
				B6CFF113260292960093BA67 /* Debug */,
				B6CFF114260292960093BA67 /* Release */,
			);
			defaultConfigurationIsVisible = 0;
			defaultConfigurationName = Release;
		};
		B6CFF115260292960093BA67 /* Build configuration list for PBXNativeTarget "QuickStocks" */ = {
			isa = XCConfigurationList;
			buildConfigurations = (
				B6CFF116260292960093BA67 /* Debug */,
				B6CFF117260292960093BA67 /* Release */,
			);
			defaultConfigurationIsVisible = 0;
			defaultConfigurationName = Release;
		};
/* End XCConfigurationList section */
	};
	rootObject = B6CFF0F9260292930093BA67 /* Project object */;
}
